// !$*UTF8*$!
{
	archiveVersion = 1;
	classes = {
	};
	objectVersion = 56;
	objects = {

/* Begin PBXBuildFile section */
		1E19062E2E1C3231001568CD /* WeatherLandingView.swift in Sources */ = {isa = PBXBuildFile; fileRef = 1E19062D2E1C3231001568CD /* WeatherLandingView.swift */; };
		1E1906302E1C374A001568CD /* WeatherDashboardView.swift in Sources */ = {isa = PBXBuildFile; fileRef = 1E19062F2E1C374A001568CD /* WeatherDashboardView.swift */; };
		1E6063502E1D63C10000BBD8 /* WeatherResponse.swift in Sources */ = {isa = PBXBuildFile; fileRef = 1E60634F2E1D63C10000BBD8 /* WeatherResponse.swift */; };
		1E6063532E1D64820000BBD8 /* Constants.swift in Sources */ = {isa = PBXBuildFile; fileRef = 1E6063522E1D64820000BBD8 /* Constants.swift */; };
		1E8E1A0C2E26AF07004B94CB /* LocationManager.swift in Sources */ = {isa = PBXBuildFile; fileRef = 1E8E1A0B2E26AF07004B94CB /* LocationManager.swift */; };
		1EA82F3E2E203DC300F66C52 /* CityNameModel.swift in Sources */ = {isa = PBXBuildFile; fileRef = 1EA82F3D2E203DC300F66C52 /* CityNameModel.swift */; };
		1EC76FCD2E1D66C300E3D60F /* HttpUtility.swift in Sources */ = {isa = PBXBuildFile; fileRef = 1EC76FCC2E1D66C300E3D60F /* HttpUtility.swift */; };
		1EC76FD02E1D678E00E3D60F /* WeatherViewModel.swift in Sources */ = {isa = PBXBuildFile; fileRef = 1EC76FCF2E1D678E00E3D60F /* WeatherViewModel.swift */; };
		1ED313D62E25792B000363B9 /* CitySearchView.swift in Sources */ = {isa = PBXBuildFile; fileRef = 1ED313D52E25792B000363B9 /* CitySearchView.swift */; };
		1ED313D82E258A1F000363B9 /* SearchResultView.swift in Sources */ = {isa = PBXBuildFile; fileRef = 1ED313D72E258A1F000363B9 /* SearchResultView.swift */; };
		1ED313DA2E258B3F000363B9 /* SearchCityViewModel.swift in Sources */ = {isa = PBXBuildFile; fileRef = 1ED313D92E258B3F000363B9 /* SearchCityViewModel.swift */; };
		1EE573E12E1D8B4900FDBB7F /* CityModel.swift in Sources */ = {isa = PBXBuildFile; fileRef = 1EE573E02E1D8B4900FDBB7F /* CityModel.swift */; };
		1EE573E42E1DA20600FDBB7F /* ForecastCard.swift in Sources */ = {isa = PBXBuildFile; fileRef = 1EE573E32E1DA20600FDBB7F /* ForecastCard.swift */; };
		1EE573E62E1DA26100FDBB7F /* Helpers.swift in Sources */ = {isa = PBXBuildFile; fileRef = 1EE573E52E1DA26100FDBB7F /* Helpers.swift */; };
		1EE573E82E1DA57700FDBB7F /* LoadingView.swift in Sources */ = {isa = PBXBuildFile; fileRef = 1EE573E72E1DA57700FDBB7F /* LoadingView.swift */; };
		1EF9E6442E199855002BDF69 /* FigmaCloneApp.swift in Sources */ = {isa = PBXBuildFile; fileRef = 1EF9E6432E199855002BDF69 /* FigmaCloneApp.swift */; };
		1EF9E6462E199855002BDF69 /* ContentView.swift in Sources */ = {isa = PBXBuildFile; fileRef = 1EF9E6452E199855002BDF69 /* ContentView.swift */; };
		1EF9E6482E19985A002BDF69 /* Assets.xcassets in Resources */ = {isa = PBXBuildFile; fileRef = 1EF9E6472E19985A002BDF69 /* Assets.xcassets */; };
		1EF9E64B2E19985A002BDF69 /* Preview Assets.xcassets in Resources */ = {isa = PBXBuildFile; fileRef = 1EF9E64A2E19985A002BDF69 /* Preview Assets.xcassets */; };
		1EF9E6552E19985B002BDF69 /* FigmaCloneTests.swift in Sources */ = {isa = PBXBuildFile; fileRef = 1EF9E6542E19985B002BDF69 /* FigmaCloneTests.swift */; };
		1EF9E65F2E19985B002BDF69 /* FigmaCloneUITests.swift in Sources */ = {isa = PBXBuildFile; fileRef = 1EF9E65E2E19985B002BDF69 /* FigmaCloneUITests.swift */; };
		1EF9E6612E19985B002BDF69 /* FigmaCloneUITestsLaunchTests.swift in Sources */ = {isa = PBXBuildFile; fileRef = 1EF9E6602E19985B002BDF69 /* FigmaCloneUITestsLaunchTests.swift */; };
		1EF9E66E2E19988B002BDF69 /* SignInView.swift in Sources */ = {isa = PBXBuildFile; fileRef = 1EF9E66D2E19988B002BDF69 /* SignInView.swift */; };
		1EFFA7B32E2D35F400D0862B /* AppStorageManager.swift in Sources */ = {isa = PBXBuildFile; fileRef = 1EFFA7B22E2D35F400D0862B /* AppStorageManager.swift */; };
/* End PBXBuildFile section */

/* Begin PBXContainerItemProxy section */
		1EF9E6512E19985B002BDF69 /* PBXContainerItemProxy */ = {
			isa = PBXContainerItemProxy;
			containerPortal = 1EF9E6382E199855002BDF69 /* Project object */;
			proxyType = 1;
			remoteGlobalIDString = 1EF9E63F2E199855002BDF69;
			remoteInfo = FigmaClone;
		};
		1EF9E65B2E19985B002BDF69 /* PBXContainerItemProxy */ = {
			isa = PBXContainerItemProxy;
			containerPortal = 1EF9E6382E199855002BDF69 /* Project object */;
			proxyType = 1;
			remoteGlobalIDString = 1EF9E63F2E199855002BDF69;
			remoteInfo = FigmaClone;
		};
/* End PBXContainerItemProxy section */

/* Begin PBXFileReference section */
		1E19062D2E1C3231001568CD /* WeatherLandingView.swift */ = {isa = PBXFileReference; lastKnownFileType = sourcecode.swift; path = WeatherLandingView.swift; sourceTree = "<group>"; };
		1E19062F2E1C374A001568CD /* WeatherDashboardView.swift */ = {isa = PBXFileReference; lastKnownFileType = sourcecode.swift; path = WeatherDashboardView.swift; sourceTree = "<group>"; };
		1E60634F2E1D63C10000BBD8 /* WeatherResponse.swift */ = {isa = PBXFileReference; lastKnownFileType = sourcecode.swift; path = WeatherResponse.swift; sourceTree = "<group>"; };
		1E6063522E1D64820000BBD8 /* Constants.swift */ = {isa = PBXFileReference; lastKnownFileType = sourcecode.swift; path = Constants.swift; sourceTree = "<group>"; };
		1E8E1A0B2E26AF07004B94CB /* LocationManager.swift */ = {isa = PBXFileReference; lastKnownFileType = sourcecode.swift; path = LocationManager.swift; sourceTree = "<group>"; };
		1EA82F3D2E203DC300F66C52 /* CityNameModel.swift */ = {isa = PBXFileReference; lastKnownFileType = sourcecode.swift; path = CityNameModel.swift; sourceTree = "<group>"; };
		1EC76FCC2E1D66C300E3D60F /* HttpUtility.swift */ = {isa = PBXFileReference; lastKnownFileType = sourcecode.swift; path = HttpUtility.swift; sourceTree = "<group>"; };
		1EC76FCF2E1D678E00E3D60F /* WeatherViewModel.swift */ = {isa = PBXFileReference; lastKnownFileType = sourcecode.swift; path = WeatherViewModel.swift; sourceTree = "<group>"; };
		1ED313D52E25792B000363B9 /* CitySearchView.swift */ = {isa = PBXFileReference; lastKnownFileType = sourcecode.swift; path = CitySearchView.swift; sourceTree = "<group>"; };
		1ED313D72E258A1F000363B9 /* SearchResultView.swift */ = {isa = PBXFileReference; lastKnownFileType = sourcecode.swift; path = SearchResultView.swift; sourceTree = "<group>"; };
		1ED313D92E258B3F000363B9 /* SearchCityViewModel.swift */ = {isa = PBXFileReference; lastKnownFileType = sourcecode.swift; path = SearchCityViewModel.swift; sourceTree = "<group>"; };
		1EE573E02E1D8B4900FDBB7F /* CityModel.swift */ = {isa = PBXFileReference; lastKnownFileType = sourcecode.swift; path = CityModel.swift; sourceTree = "<group>"; };
		1EE573E32E1DA20600FDBB7F /* ForecastCard.swift */ = {isa = PBXFileReference; lastKnownFileType = sourcecode.swift; path = ForecastCard.swift; sourceTree = "<group>"; };
		1EE573E52E1DA26100FDBB7F /* Helpers.swift */ = {isa = PBXFileReference; lastKnownFileType = sourcecode.swift; path = Helpers.swift; sourceTree = "<group>"; };
		1EE573E72E1DA57700FDBB7F /* LoadingView.swift */ = {isa = PBXFileReference; fileEncoding = 4; lastKnownFileType = sourcecode.swift; path = LoadingView.swift; sourceTree = "<group>"; };
		1EF9E6402E199855002BDF69 /* FigmaClone.app */ = {isa = PBXFileReference; explicitFileType = wrapper.application; includeInIndex = 0; path = FigmaClone.app; sourceTree = BUILT_PRODUCTS_DIR; };
		1EF9E6432E199855002BDF69 /* FigmaCloneApp.swift */ = {isa = PBXFileReference; lastKnownFileType = sourcecode.swift; path = FigmaCloneApp.swift; sourceTree = "<group>"; };
		1EF9E6452E199855002BDF69 /* ContentView.swift */ = {isa = PBXFileReference; lastKnownFileType = sourcecode.swift; path = ContentView.swift; sourceTree = "<group>"; };
		1EF9E6472E19985A002BDF69 /* Assets.xcassets */ = {isa = PBXFileReference; lastKnownFileType = folder.assetcatalog; path = Assets.xcassets; sourceTree = "<group>"; };
		1EF9E64A2E19985A002BDF69 /* Preview Assets.xcassets */ = {isa = PBXFileReference; lastKnownFileType = folder.assetcatalog; path = "Preview Assets.xcassets"; sourceTree = "<group>"; };
		1EF9E6502E19985B002BDF69 /* FigmaCloneTests.xctest */ = {isa = PBXFileReference; explicitFileType = wrapper.cfbundle; includeInIndex = 0; path = FigmaCloneTests.xctest; sourceTree = BUILT_PRODUCTS_DIR; };
		1EF9E6542E19985B002BDF69 /* FigmaCloneTests.swift */ = {isa = PBXFileReference; lastKnownFileType = sourcecode.swift; path = FigmaCloneTests.swift; sourceTree = "<group>"; };
		1EF9E65A2E19985B002BDF69 /* FigmaCloneUITests.xctest */ = {isa = PBXFileReference; explicitFileType = wrapper.cfbundle; includeInIndex = 0; path = FigmaCloneUITests.xctest; sourceTree = BUILT_PRODUCTS_DIR; };
		1EF9E65E2E19985B002BDF69 /* FigmaCloneUITests.swift */ = {isa = PBXFileReference; lastKnownFileType = sourcecode.swift; path = FigmaCloneUITests.swift; sourceTree = "<group>"; };
		1EF9E6602E19985B002BDF69 /* FigmaCloneUITestsLaunchTests.swift */ = {isa = PBXFileReference; lastKnownFileType = sourcecode.swift; path = FigmaCloneUITestsLaunchTests.swift; sourceTree = "<group>"; };
		1EF9E66D2E19988B002BDF69 /* SignInView.swift */ = {isa = PBXFileReference; lastKnownFileType = sourcecode.swift; path = SignInView.swift; sourceTree = "<group>"; };
		1EFFA7B22E2D35F400D0862B /* AppStorageManager.swift */ = {isa = PBXFileReference; lastKnownFileType = sourcecode.swift; path = AppStorageManager.swift; sourceTree = "<group>"; };
/* End PBXFileReference section */

/* Begin PBXFrameworksBuildPhase section */
		1EF9E63D2E199855002BDF69 /* Frameworks */ = {
			isa = PBXFrameworksBuildPhase;
			buildActionMask = 2147483647;
			files = (
			);
			runOnlyForDeploymentPostprocessing = 0;
		};
		1EF9E64D2E19985B002BDF69 /* Frameworks */ = {
			isa = PBXFrameworksBuildPhase;
			buildActionMask = 2147483647;
			files = (
			);
			runOnlyForDeploymentPostprocessing = 0;
		};
		1EF9E6572E19985B002BDF69 /* Frameworks */ = {
			isa = PBXFrameworksBuildPhase;
			buildActionMask = 2147483647;
			files = (
			);
			runOnlyForDeploymentPostprocessing = 0;
		};
/* End PBXFrameworksBuildPhase section */

/* Begin PBXGroup section */
		1E60634E2E1D63A10000BBD8 /* Model */ = {
			isa = PBXGroup;
			children = (
				1E60634F2E1D63C10000BBD8 /* WeatherResponse.swift */,
				1EE573E02E1D8B4900FDBB7F /* CityModel.swift */,
				1EA82F3D2E203DC300F66C52 /* CityNameModel.swift */,
			);
			path = Model;
			sourceTree = "<group>";
		};
		1E6063512E1D64770000BBD8 /* Constants */ = {
			isa = PBXGroup;
			children = (
				1E6063522E1D64820000BBD8 /* Constants.swift */,
			);
			path = Constants;
			sourceTree = "<group>";
		};
		1E8E1A0D2E26B4C2004B94CB /* Controllers */ = {
			isa = PBXGroup;
			children = (
				1EF9E6452E199855002BDF69 /* ContentView.swift */,
				1E19062F2E1C374A001568CD /* WeatherDashboardView.swift */,
				1E19062D2E1C3231001568CD /* WeatherLandingView.swift */,
				1EF9E66D2E19988B002BDF69 /* SignInView.swift */,
				1ED313D52E25792B000363B9 /* CitySearchView.swift */,
			);
			path = Controllers;
			sourceTree = "<group>";
		};
		1E8E1A0E2E26B4CC004B94CB /* Custom Components */ = {
			isa = PBXGroup;
			children = (
				1EE573E72E1DA57700FDBB7F /* LoadingView.swift */,
				1ED313D72E258A1F000363B9 /* SearchResultView.swift */,
				1EE573E32E1DA20600FDBB7F /* ForecastCard.swift */,
			);
			path = "Custom Components";
			sourceTree = "<group>";
		};
		1EC76FC92E1D663700E3D60F /* ViewModel */ = {
			isa = PBXGroup;
			children = (
				1EC76FCF2E1D678E00E3D60F /* WeatherViewModel.swift */,
				1ED313D92E258B3F000363B9 /* SearchCityViewModel.swift */,
			);
			path = ViewModel;
			sourceTree = "<group>";
		};
		1EC76FCE2E1D66CB00E3D60F /* Utility */ = {
			isa = PBXGroup;
			children = (
				1EC76FCC2E1D66C300E3D60F /* HttpUtility.swift */,
				1EE573E52E1DA26100FDBB7F /* Helpers.swift */,
				1E8E1A0B2E26AF07004B94CB /* LocationManager.swift */,
				1EFFA7B22E2D35F400D0862B /* AppStorageManager.swift */,
			);
			path = Utility;
			sourceTree = "<group>";
		};
		1EE573E22E1DA1F900FDBB7F /* View */ = {
			isa = PBXGroup;
			children = (
				1E8E1A0E2E26B4CC004B94CB /* Custom Components */,
				1E8E1A0D2E26B4C2004B94CB /* Controllers */,
			);
			path = View;
			sourceTree = "<group>";
		};
		1EF9E6372E199855002BDF69 = {
			isa = PBXGroup;
			children = (
				1EF9E6422E199855002BDF69 /* FigmaClone */,
				1EF9E6532E19985B002BDF69 /* FigmaCloneTests */,
				1EF9E65D2E19985B002BDF69 /* FigmaCloneUITests */,
				1EF9E6412E199855002BDF69 /* Products */,
			);
			sourceTree = "<group>";
		};
		1EF9E6412E199855002BDF69 /* Products */ = {
			isa = PBXGroup;
			children = (
				1EF9E6402E199855002BDF69 /* FigmaClone.app */,
				1EF9E6502E19985B002BDF69 /* FigmaCloneTests.xctest */,
				1EF9E65A2E19985B002BDF69 /* FigmaCloneUITests.xctest */,
			);
			name = Products;
			sourceTree = "<group>";
		};
		1EF9E6422E199855002BDF69 /* FigmaClone */ = {
			isa = PBXGroup;
			children = (
				1EE573E22E1DA1F900FDBB7F /* View */,
				1EC76FC92E1D663700E3D60F /* ViewModel */,
				1E60634E2E1D63A10000BBD8 /* Model */,
				1EC76FCE2E1D66CB00E3D60F /* Utility */,
				1E6063512E1D64770000BBD8 /* Constants */,
				1EF9E6432E199855002BDF69 /* FigmaCloneApp.swift */,
				1EF9E6472E19985A002BDF69 /* Assets.xcassets */,
				1EF9E6492E19985A002BDF69 /* Preview Content */,
			);
			path = FigmaClone;
			sourceTree = "<group>";
		};
		1EF9E6492E19985A002BDF69 /* Preview Content */ = {
			isa = PBXGroup;
			children = (
				1EF9E64A2E19985A002BDF69 /* Preview Assets.xcassets */,
			);
			path = "Preview Content";
			sourceTree = "<group>";
		};
		1EF9E6532E19985B002BDF69 /* FigmaCloneTests */ = {
			isa = PBXGroup;
			children = (
				1EF9E6542E19985B002BDF69 /* FigmaCloneTests.swift */,
			);
			path = FigmaCloneTests;
			sourceTree = "<group>";
		};
		1EF9E65D2E19985B002BDF69 /* FigmaCloneUITests */ = {
			isa = PBXGroup;
			children = (
				1EF9E65E2E19985B002BDF69 /* FigmaCloneUITests.swift */,
				1EF9E6602E19985B002BDF69 /* FigmaCloneUITestsLaunchTests.swift */,
			);
			path = FigmaCloneUITests;
			sourceTree = "<group>";
		};
/* End PBXGroup section */

/* Begin PBXNativeTarget section */
		1EF9E63F2E199855002BDF69 /* FigmaClone */ = {
			isa = PBXNativeTarget;
			buildConfigurationList = 1EF9E6642E19985B002BDF69 /* Build configuration list for PBXNativeTarget "FigmaClone" */;
			buildPhases = (
				1EF9E63C2E199855002BDF69 /* Sources */,
				1EF9E63D2E199855002BDF69 /* Frameworks */,
				1EF9E63E2E199855002BDF69 /* Resources */,
			);
			buildRules = (
			);
			dependencies = (
			);
			name = FigmaClone;
			productName = FigmaClone;
			productReference = 1EF9E6402E199855002BDF69 /* FigmaClone.app */;
			productType = "com.apple.product-type.application";
		};
		1EF9E64F2E19985B002BDF69 /* FigmaCloneTests */ = {
			isa = PBXNativeTarget;
			buildConfigurationList = 1EF9E6672E19985B002BDF69 /* Build configuration list for PBXNativeTarget "FigmaCloneTests" */;
			buildPhases = (
				1EF9E64C2E19985B002BDF69 /* Sources */,
				1EF9E64D2E19985B002BDF69 /* Frameworks */,
				1EF9E64E2E19985B002BDF69 /* Resources */,
			);
			buildRules = (
			);
			dependencies = (
				1EF9E6522E19985B002BDF69 /* PBXTargetDependency */,
			);
			name = FigmaCloneTests;
			productName = FigmaCloneTests;
			productReference = 1EF9E6502E19985B002BDF69 /* FigmaCloneTests.xctest */;
			productType = "com.apple.product-type.bundle.unit-test";
		};
		1EF9E6592E19985B002BDF69 /* FigmaCloneUITests */ = {
			isa = PBXNativeTarget;
			buildConfigurationList = 1EF9E66A2E19985B002BDF69 /* Build configuration list for PBXNativeTarget "FigmaCloneUITests" */;
			buildPhases = (
				1EF9E6562E19985B002BDF69 /* Sources */,
				1EF9E6572E19985B002BDF69 /* Frameworks */,
				1EF9E6582E19985B002BDF69 /* Resources */,
			);
			buildRules = (
			);
			dependencies = (
				1EF9E65C2E19985B002BDF69 /* PBXTargetDependency */,
			);
			name = FigmaCloneUITests;
			productName = FigmaCloneUITests;
			productReference = 1EF9E65A2E19985B002BDF69 /* FigmaCloneUITests.xctest */;
			productType = "com.apple.product-type.bundle.ui-testing";
		};
/* End PBXNativeTarget section */

/* Begin PBXProject section */
		1EF9E6382E199855002BDF69 /* Project object */ = {
			isa = PBXProject;
			attributes = {
				BuildIndependentTargetsInParallel = 1;
				LastSwiftUpdateCheck = 1420;
				LastUpgradeCheck = 1420;
				TargetAttributes = {
					1EF9E63F2E199855002BDF69 = {
						CreatedOnToolsVersion = 14.2;
					};
					1EF9E64F2E19985B002BDF69 = {
						CreatedOnToolsVersion = 14.2;
						TestTargetID = 1EF9E63F2E199855002BDF69;
					};
					1EF9E6592E19985B002BDF69 = {
						CreatedOnToolsVersion = 14.2;
						TestTargetID = 1EF9E63F2E199855002BDF69;
					};
				};
			};
			buildConfigurationList = 1EF9E63B2E199855002BDF69 /* Build configuration list for PBXProject "FigmaClone" */;
			compatibilityVersion = "Xcode 14.0";
			developmentRegion = en;
			hasScannedForEncodings = 0;
			knownRegions = (
				en,
				Base,
			);
			mainGroup = 1EF9E6372E199855002BDF69;
			productRefGroup = 1EF9E6412E199855002BDF69 /* Products */;
			projectDirPath = "";
			projectRoot = "";
			targets = (
				1EF9E63F2E199855002BDF69 /* FigmaClone */,
				1EF9E64F2E19985B002BDF69 /* FigmaCloneTests */,
				1EF9E6592E19985B002BDF69 /* FigmaCloneUITests */,
			);
		};
/* End PBXProject section */

/* Begin PBXResourcesBuildPhase section */
		1EF9E63E2E199855002BDF69 /* Resources */ = {
			isa = PBXResourcesBuildPhase;
			buildActionMask = 2147483647;
			files = (
				1EF9E64B2E19985A002BDF69 /* Preview Assets.xcassets in Resources */,
				1EF9E6482E19985A002BDF69 /* Assets.xcassets in Resources */,
			);
			runOnlyForDeploymentPostprocessing = 0;
		};
		1EF9E64E2E19985B002BDF69 /* Resources */ = {
			isa = PBXResourcesBuildPhase;
			buildActionMask = 2147483647;
			files = (
			);
			runOnlyForDeploymentPostprocessing = 0;
		};
		1EF9E6582E19985B002BDF69 /* Resources */ = {
			isa = PBXResourcesBuildPhase;
			buildActionMask = 2147483647;
			files = (
			);
			runOnlyForDeploymentPostprocessing = 0;
		};
/* End PBXResourcesBuildPhase section */

/* Begin PBXSourcesBuildPhase section */
		1EF9E63C2E199855002BDF69 /* Sources */ = {
			isa = PBXSourcesBuildPhase;
			buildActionMask = 2147483647;
			files = (
				1EE573E42E1DA20600FDBB7F /* ForecastCard.swift in Sources */,
				1ED313D82E258A1F000363B9 /* SearchResultView.swift in Sources */,
				1EE573E12E1D8B4900FDBB7F /* CityModel.swift in Sources */,
				1EF9E66E2E19988B002BDF69 /* SignInView.swift in Sources */,
				1E6063502E1D63C10000BBD8 /* WeatherResponse.swift in Sources */,
				1E1906302E1C374A001568CD /* WeatherDashboardView.swift in Sources */,
				1EA82F3E2E203DC300F66C52 /* CityNameModel.swift in Sources */,
				1ED313DA2E258B3F000363B9 /* SearchCityViewModel.swift in Sources */,
				1E8E1A0C2E26AF07004B94CB /* LocationManager.swift in Sources */,
				1EC76FD02E1D678E00E3D60F /* WeatherViewModel.swift in Sources */,
				1EC76FCD2E1D66C300E3D60F /* HttpUtility.swift in Sources */,
				1EE573E62E1DA26100FDBB7F /* Helpers.swift in Sources */,
				1ED313D62E25792B000363B9 /* CitySearchView.swift in Sources */,
				1EF9E6462E199855002BDF69 /* ContentView.swift in Sources */,
				1E6063532E1D64820000BBD8 /* Constants.swift in Sources */,
				1E19062E2E1C3231001568CD /* WeatherLandingView.swift in Sources */,
				1EFFA7B32E2D35F400D0862B /* AppStorageManager.swift in Sources */,
				1EE573E82E1DA57700FDBB7F /* LoadingView.swift in Sources */,
				1EF9E6442E199855002BDF69 /* FigmaCloneApp.swift in Sources */,
			);
			runOnlyForDeploymentPostprocessing = 0;
		};
		1EF9E64C2E19985B002BDF69 /* Sources */ = {
			isa = PBXSourcesBuildPhase;
			buildActionMask = 2147483647;
			files = (
				1EF9E6552E19985B002BDF69 /* FigmaCloneTests.swift in Sources */,
			);
			runOnlyForDeploymentPostprocessing = 0;
		};
		1EF9E6562E19985B002BDF69 /* Sources */ = {
			isa = PBXSourcesBuildPhase;
			buildActionMask = 2147483647;
			files = (
				1EF9E65F2E19985B002BDF69 /* FigmaCloneUITests.swift in Sources */,
				1EF9E6612E19985B002BDF69 /* FigmaCloneUITestsLaunchTests.swift in Sources */,
			);
			runOnlyForDeploymentPostprocessing = 0;
		};
/* End PBXSourcesBuildPhase section */

/* Begin PBXTargetDependency section */
		1EF9E6522E19985B002BDF69 /* PBXTargetDependency */ = {
			isa = PBXTargetDependency;
			target = 1EF9E63F2E199855002BDF69 /* FigmaClone */;
			targetProxy = 1EF9E6512E19985B002BDF69 /* PBXContainerItemProxy */;
		};
		1EF9E65C2E19985B002BDF69 /* PBXTargetDependency */ = {
			isa = PBXTargetDependency;
			target = 1EF9E63F2E199855002BDF69 /* FigmaClone */;
			targetProxy = 1EF9E65B2E19985B002BDF69 /* PBXContainerItemProxy */;
		};
/* End PBXTargetDependency section */

/* Begin XCBuildConfiguration section */
		1EF9E6622E19985B002BDF69 /* Debug */ = {
			isa = XCBuildConfiguration;
			buildSettings = {
				ALWAYS_SEARCH_USER_PATHS = NO;
				CLANG_ANALYZER_NONNULL = YES;
				CLANG_ANALYZER_NUMBER_OBJECT_CONVERSION = YES_AGGRESSIVE;
				CLANG_CXX_LANGUAGE_STANDARD = "gnu++20";
				CLANG_ENABLE_MODULES = YES;
				CLANG_ENABLE_OBJC_ARC = YES;
				CLANG_ENABLE_OBJC_WEAK = YES;
				CLANG_WARN_BLOCK_CAPTURE_AUTORELEASING = YES;
				CLANG_WARN_BOOL_CONVERSION = YES;
				CLANG_WARN_COMMA = YES;
				CLANG_WARN_CONSTANT_CONVERSION = YES;
				CLANG_WARN_DEPRECATED_OBJC_IMPLEMENTATIONS = YES;
				CLANG_WARN_DIRECT_OBJC_ISA_USAGE = YES_ERROR;
				CLANG_WARN_DOCUMENTATION_COMMENTS = YES;
				CLANG_WARN_EMPTY_BODY = YES;
				CLANG_WARN_ENUM_CONVERSION = YES;
				CLANG_WARN_INFINITE_RECURSION = YES;
				CLANG_WARN_INT_CONVERSION = YES;
				CLANG_WARN_NON_LITERAL_NULL_CONVERSION = YES;
				CLANG_WARN_OBJC_IMPLICIT_RETAIN_SELF = YES;
				CLANG_WARN_OBJC_LITERAL_CONVERSION = YES;
				CLANG_WARN_OBJC_ROOT_CLASS = YES_ERROR;
				CLANG_WARN_QUOTED_INCLUDE_IN_FRAMEWORK_HEADER = YES;
				CLANG_WARN_RANGE_LOOP_ANALYSIS = YES;
				CLANG_WARN_STRICT_PROTOTYPES = YES;
				CLANG_WARN_SUSPICIOUS_MOVE = YES;
				CLANG_WARN_UNGUARDED_AVAILABILITY = YES_AGGRESSIVE;
				CLANG_WARN_UNREACHABLE_CODE = YES;
				CLANG_WARN__DUPLICATE_METHOD_MATCH = YES;
				COPY_PHASE_STRIP = NO;
				DEBUG_INFORMATION_FORMAT = dwarf;
				ENABLE_STRICT_OBJC_MSGSEND = YES;
				ENABLE_TESTABILITY = YES;
				GCC_C_LANGUAGE_STANDARD = gnu11;
				GCC_DYNAMIC_NO_PIC = NO;
				GCC_NO_COMMON_BLOCKS = YES;
				GCC_OPTIMIZATION_LEVEL = 0;
				GCC_PREPROCESSOR_DEFINITIONS = (
					"DEBUG=1",
					"$(inherited)",
				);
				GCC_WARN_64_TO_32_BIT_CONVERSION = YES;
				GCC_WARN_ABOUT_RETURN_TYPE = YES_ERROR;
				GCC_WARN_UNDECLARED_SELECTOR = YES;
				GCC_WARN_UNINITIALIZED_AUTOS = YES_AGGRESSIVE;
				GCC_WARN_UNUSED_FUNCTION = YES;
				GCC_WARN_UNUSED_VARIABLE = YES;
				IPHONEOS_DEPLOYMENT_TARGET = 16.2;
				MTL_ENABLE_DEBUG_INFO = INCLUDE_SOURCE;
				MTL_FAST_MATH = YES;
				ONLY_ACTIVE_ARCH = YES;
				SDKROOT = iphoneos;
				SWIFT_ACTIVE_COMPILATION_CONDITIONS = DEBUG;
				SWIFT_OPTIMIZATION_LEVEL = "-Onone";
			};
			name = Debug;
		};
		1EF9E6632E19985B002BDF69 /* Release */ = {
			isa = XCBuildConfiguration;
			buildSettings = {
				ALWAYS_SEARCH_USER_PATHS = NO;
				CLANG_ANALYZER_NONNULL = YES;
				CLANG_ANALYZER_NUMBER_OBJECT_CONVERSION = YES_AGGRESSIVE;
				CLANG_CXX_LANGUAGE_STANDARD = "gnu++20";
				CLANG_ENABLE_MODULES = YES;
				CLANG_ENABLE_OBJC_ARC = YES;
				CLANG_ENABLE_OBJC_WEAK = YES;
				CLANG_WARN_BLOCK_CAPTURE_AUTORELEASING = YES;
				CLANG_WARN_BOOL_CONVERSION = YES;
				CLANG_WARN_COMMA = YES;
				CLANG_WARN_CONSTANT_CONVERSION = YES;
				CLANG_WARN_DEPRECATED_OBJC_IMPLEMENTATIONS = YES;
				CLANG_WARN_DIRECT_OBJC_ISA_USAGE = YES_ERROR;
				CLANG_WARN_DOCUMENTATION_COMMENTS = YES;
				CLANG_WARN_EMPTY_BODY = YES;
				CLANG_WARN_ENUM_CONVERSION = YES;
				CLANG_WARN_INFINITE_RECURSION = YES;
				CLANG_WARN_INT_CONVERSION = YES;
				CLANG_WARN_NON_LITERAL_NULL_CONVERSION = YES;
				CLANG_WARN_OBJC_IMPLICIT_RETAIN_SELF = YES;
				CLANG_WARN_OBJC_LITERAL_CONVERSION = YES;
				CLANG_WARN_OBJC_ROOT_CLASS = YES_ERROR;
				CLANG_WARN_QUOTED_INCLUDE_IN_FRAMEWORK_HEADER = YES;
				CLANG_WARN_RANGE_LOOP_ANALYSIS = YES;
				CLANG_WARN_STRICT_PROTOTYPES = YES;
				CLANG_WARN_SUSPICIOUS_MOVE = YES;
				CLANG_WARN_UNGUARDED_AVAILABILITY = YES_AGGRESSIVE;
				CLANG_WARN_UNREACHABLE_CODE = YES;
				CLANG_WARN__DUPLICATE_METHOD_MATCH = YES;
				COPY_PHASE_STRIP = NO;
				DEBUG_INFORMATION_FORMAT = "dwarf-with-dsym";
				ENABLE_NS_ASSERTIONS = NO;
				ENABLE_STRICT_OBJC_MSGSEND = YES;
				GCC_C_LANGUAGE_STANDARD = gnu11;
				GCC_NO_COMMON_BLOCKS = YES;
				GCC_WARN_64_TO_32_BIT_CONVERSION = YES;
				GCC_WARN_ABOUT_RETURN_TYPE = YES_ERROR;
				GCC_WARN_UNDECLARED_SELECTOR = YES;
				GCC_WARN_UNINITIALIZED_AUTOS = YES_AGGRESSIVE;
				GCC_WARN_UNUSED_FUNCTION = YES;
				GCC_WARN_UNUSED_VARIABLE = YES;
				IPHONEOS_DEPLOYMENT_TARGET = 16.2;
				MTL_ENABLE_DEBUG_INFO = NO;
				MTL_FAST_MATH = YES;
				SDKROOT = iphoneos;
				SWIFT_COMPILATION_MODE = wholemodule;
				SWIFT_OPTIMIZATION_LEVEL = "-O";
				VALIDATE_PRODUCT = YES;
			};
			name = Release;
		};
		1EF9E6652E19985B002BDF69 /* Debug */ = {
			isa = XCBuildConfiguration;
			buildSettings = {
				ASSETCATALOG_COMPILER_APPICON_NAME = AppIcon;
				ASSETCATALOG_COMPILER_GLOBAL_ACCENT_COLOR_NAME = AccentColor;
				CODE_SIGN_STYLE = Manual;
				CURRENT_PROJECT_VERSION = 1;
				DEVELOPMENT_ASSET_PATHS = "\"FigmaClone/Preview Content\"";
				DEVELOPMENT_TEAM = "";
				ENABLE_PREVIEWS = YES;
				GENERATE_INFOPLIST_FILE = YES;
				INFOPLIST_KEY_NSLocationWhenInUseUsageDescription = "We need your location to show weather info near you";
				INFOPLIST_KEY_UIApplicationSceneManifest_Generation = YES;
				INFOPLIST_KEY_UIApplicationSupportsIndirectInputEvents = YES;
				INFOPLIST_KEY_UILaunchScreen_Generation = YES;
				INFOPLIST_KEY_UISupportedInterfaceOrientations_iPad = "UIInterfaceOrientationPortrait UIInterfaceOrientationPortraitUpsideDown UIInterfaceOrientationLandscapeLeft UIInterfaceOrientationLandscapeRight";
				INFOPLIST_KEY_UISupportedInterfaceOrientations_iPhone = "UIInterfaceOrientationPortrait UIInterfaceOrientationLandscapeLeft UIInterfaceOrientationLandscapeRight";
				LD_RUNPATH_SEARCH_PATHS = (
					"$(inherited)",
					"@executable_path/Frameworks",
				);
				MARKETING_VERSION = 1.0;
				PRODUCT_BUNDLE_IDENTIFIER = com.nadaf.FigmaClone;
				PRODUCT_NAME = "$(TARGET_NAME)";
				PROVISIONING_PROFILE_SPECIFIER = "";
				SWIFT_EMIT_LOC_STRINGS = YES;
				SWIFT_VERSION = 5.0;
				TARGETED_DEVICE_FAMILY = "1,2";
			};
			name = Debug;
		};
		1EF9E6662E19985B002BDF69 /* Release */ = {
			isa = XCBuildConfiguration;
			buildSettings = {
				ASSETCATALOG_COMPILER_APPICON_NAME = AppIcon;
				ASSETCATALOG_COMPILER_GLOBAL_ACCENT_COLOR_NAME = AccentColor;
				CODE_SIGN_STYLE = Manual;
				CURRENT_PROJECT_VERSION = 1;
				DEVELOPMENT_ASSET_PATHS = "\"FigmaClone/Preview Content\"";
				DEVELOPMENT_TEAM = "";
				ENABLE_PREVIEWS = YES;
				GENERATE_INFOPLIST_FILE = YES;
				INFOPLIST_KEY_NSLocationWhenInUseUsageDescription = "We need your location to show weather info near you";
				INFOPLIST_KEY_UIApplicationSceneManifest_Generation = YES;
				INFOPLIST_KEY_UIApplicationSupportsIndirectInputEvents = YES;
				INFOPLIST_KEY_UILaunchScreen_Generation = YES;
				INFOPLIST_KEY_UISupportedInterfaceOrientations_iPad = "UIInterfaceOrientationPortrait UIInterfaceOrientationPortraitUpsideDown UIInterfaceOrientationLandscapeLeft UIInterfaceOrientationLandscapeRight";
				INFOPLIST_KEY_UISupportedInterfaceOrientations_iPhone = "UIInterfaceOrientationPortrait UIInterfaceOrientationLandscapeLeft UIInterfaceOrientationLandscapeRight";
				LD_RUNPATH_SEARCH_PATHS = (
					"$(inherited)",
					"@executable_path/Frameworks",
				);
				MARKETING_VERSION = 1.0;
				PRODUCT_BUNDLE_IDENTIFIER = com.nadaf.FigmaClone;
				PRODUCT_NAME = "$(TARGET_NAME)";
				PROVISIONING_PROFILE_SPECIFIER = "";
				SWIFT_EMIT_LOC_STRINGS = YES;
				SWIFT_VERSION = 5.0;
				TARGETED_DEVICE_FAMILY = "1,2";
			};
			name = Release;
		};
		1EF9E6682E19985B002BDF69 /* Debug */ = {
			isa = XCBuildConfiguration;
			buildSettings = {
				ALWAYS_EMBED_SWIFT_STANDARD_LIBRARIES = YES;
				BUNDLE_LOADER = "$(TEST_HOST)";
				CODE_SIGN_STYLE = Automatic;
				CURRENT_PROJECT_VERSION = 1;
				GENERATE_INFOPLIST_FILE = YES;
				IPHONEOS_DEPLOYMENT_TARGET = 16.2;
				MARKETING_VERSION = 1.0;
				PRODUCT_BUNDLE_IDENTIFIER = com.nadaf.FigmaCloneTests;
				PRODUCT_NAME = "$(TARGET_NAME)";
				SWIFT_EMIT_LOC_STRINGS = NO;
				SWIFT_VERSION = 5.0;
				TARGETED_DEVICE_FAMILY = "1,2";
				TEST_HOST = "$(BUILT_PRODUCTS_DIR)/FigmaClone.app/$(BUNDLE_EXECUTABLE_FOLDER_PATH)/FigmaClone";
			};
			name = Debug;
		};
		1EF9E6692E19985B002BDF69 /* Release */ = {
			isa = XCBuildConfiguration;
			buildSettings = {
				ALWAYS_EMBED_SWIFT_STANDARD_LIBRARIES = YES;
				BUNDLE_LOADER = "$(TEST_HOST)";
				CODE_SIGN_STYLE = Automatic;
				CURRENT_PROJECT_VERSION = 1;
				GENERATE_INFOPLIST_FILE = YES;
				IPHONEOS_DEPLOYMENT_TARGET = 16.2;
				MARKETING_VERSION = 1.0;
				PRODUCT_BUNDLE_IDENTIFIER = com.nadaf.FigmaCloneTests;
				PRODUCT_NAME = "$(TARGET_NAME)";
				SWIFT_EMIT_LOC_STRINGS = NO;
				SWIFT_VERSION = 5.0;
				TARGETED_DEVICE_FAMILY = "1,2";
				TEST_HOST = "$(BUILT_PRODUCTS_DIR)/FigmaClone.app/$(BUNDLE_EXECUTABLE_FOLDER_PATH)/FigmaClone";
			};
			name = Release;
		};
		1EF9E66B2E19985B002BDF69 /* Debug */ = {
			isa = XCBuildConfiguration;
			buildSettings = {
				ALWAYS_EMBED_SWIFT_STANDARD_LIBRARIES = YES;
				CODE_SIGN_STYLE = Automatic;
				CURRENT_PROJECT_VERSION = 1;
				GENERATE_INFOPLIST_FILE = YES;
				MARKETING_VERSION = 1.0;
				PRODUCT_BUNDLE_IDENTIFIER = com.nadaf.FigmaCloneUITests;
				PRODUCT_NAME = "$(TARGET_NAME)";
				SWIFT_EMIT_LOC_STRINGS = NO;
				SWIFT_VERSION = 5.0;
				TARGETED_DEVICE_FAMILY = "1,2";
				TEST_TARGET_NAME = FigmaClone;
			};
			name = Debug;
		};
		1EF9E66C2E19985B002BDF69 /* Release */ = {
			isa = XCBuildConfiguration;
			buildSettings = {
				ALWAYS_EMBED_SWIFT_STANDARD_LIBRARIES = YES;
				CODE_SIGN_STYLE = Automatic;
				CURRENT_PROJECT_VERSION = 1;
				GENERATE_INFOPLIST_FILE = YES;
				MARKETING_VERSION = 1.0;
				PRODUCT_BUNDLE_IDENTIFIER = com.nadaf.FigmaCloneUITests;
				PRODUCT_NAME = "$(TARGET_NAME)";
				SWIFT_EMIT_LOC_STRINGS = NO;
				SWIFT_VERSION = 5.0;
				TARGETED_DEVICE_FAMILY = "1,2";
				TEST_TARGET_NAME = FigmaClone;
			};
			name = Release;
		};
/* End XCBuildConfiguration section */

/* Begin XCConfigurationList section */
		1EF9E63B2E199855002BDF69 /* Build configuration list for PBXProject "FigmaClone" */ = {
			isa = XCConfigurationList;
			buildConfigurations = (
				1EF9E6622E19985B002BDF69 /* Debug */,
				1EF9E6632E19985B002BDF69 /* Release */,
			);
			defaultConfigurationIsVisible = 0;
			defaultConfigurationName = Release;
		};
		1EF9E6642E19985B002BDF69 /* Build configuration list for PBXNativeTarget "FigmaClone" */ = {
			isa = XCConfigurationList;
			buildConfigurations = (
				1EF9E6652E19985B002BDF69 /* Debug */,
				1EF9E6662E19985B002BDF69 /* Release */,
			);
			defaultConfigurationIsVisible = 0;
			defaultConfigurationName = Release;
		};
		1EF9E6672E19985B002BDF69 /* Build configuration list for PBXNativeTarget "FigmaCloneTests" */ = {
			isa = XCConfigurationList;
			buildConfigurations = (
				1EF9E6682E19985B002BDF69 /* Debug */,
				1EF9E6692E19985B002BDF69 /* Release */,
			);
			defaultConfigurationIsVisible = 0;
			defaultConfigurationName = Release;
		};
		1EF9E66A2E19985B002BDF69 /* Build configuration list for PBXNativeTarget "FigmaCloneUITests" */ = {
			isa = XCConfigurationList;
			buildConfigurations = (
				1EF9E66B2E19985B002BDF69 /* Debug */,
				1EF9E66C2E19985B002BDF69 /* Release */,
			);
			defaultConfigurationIsVisible = 0;
			defaultConfigurationName = Release;
		};
/* End XCConfigurationList section */
	};
	rootObject = 1EF9E6382E199855002BDF69 /* Project object */;
}
